
Microsoft Visual Studio Solution File, Format Version 12.00
# Visual Studio Version 17
VisualStudioVersion = 17.3.32929.385
MinimumVisualStudioVersion = 10.0.40219.1
Project("{9A19103F-16F7-4668-BE54-9A1E7A4F7556}") = "TiposDeDados1", "TiposDeDados1\TiposDeDados1.csproj", "{218E3107-F770-4004-8B89-FCB9852FE678}"
EndProject
Project("{9A19103F-16F7-4668-BE54-9A1E7A4F7556}") = "TipoDeDados2", "TipoDeDados2\TipoDeDados2.csproj", "{CEEE91FB-DDD5-4BF2-BC57-DF6A14EDCC83}"
EndProject
Project("{9A19103F-16F7-4668-BE54-9A1E7A4F7556}") = "TiposDeDados3", "TiposDeDados3\TiposDeDados3.csproj", "{9EED5673-7088-47FD-BD66-C9C9BBC42A36}"
EndProject
Project("{9A19103F-16F7-4668-BE54-9A1E7A4F7556}") = "TiposDeDados4", "TiposDeDados4\TiposDeDados4.csproj", "{F9CF67B1-D7F3-4F89-A736-84C190932AC8}"
EndProject
Project("{9A19103F-16F7-4668-BE54-9A1E7A4F7556}") = "TipoDateTime1", "TipoDateTime1\TipoDateTime1.csproj", "{ACFE420B-6E27-4D0D-8E20-4303F05E360E}"
EndProject
Project("{9A19103F-16F7-4668-BE54-9A1E7A4F7556}") = "NullableTypes", "NullableTypes\NullableTypes.csproj", "{A1B40E09-EBD0-4AB1-A162-8979EF82BFCC}"
EndProject
Project("{9A19103F-16F7-4668-BE54-9A1E7A4F7556}") = "ConvencaoDeNomeclatura", "ConvencaoDeNomeclatura\ConvencaoDeNomeclatura.csproj", "{59410508-F93B-463B-BDFA-1A59E74F5D6B}"
EndProject
Project("{9A19103F-16F7-4668-BE54-9A1E7A4F7556}") = "SaidaDados", "SaidaDados\SaidaDados.csproj", "{80749901-4886-4957-AAFE-4D7C69CBA858}"
EndProject
Project("{9A19103F-16F7-4668-BE54-9A1E7A4F7556}") = "SaidaDados2", "SaidaDados2\SaidaDados2.csproj", "{0B5A6C6A-AD7F-4C79-B64B-D79A3E89B930}"
EndProject
Project("{9A19103F-16F7-4668-BE54-9A1E7A4F7556}") = "ConversaoTipos1", "ConversaoTipos1\ConversaoTipos1.csproj", "{39B268C9-1D05-4D00-AA17-3A962A23F067}"
EndProject
Project("{9A19103F-16F7-4668-BE54-9A1E7A4F7556}") = "EntradaDeDados", "EntradaDeDados\EntradaDeDados.csproj", "{5FF32FF7-F155-4A89-8F38-D35517F4BC48}"
EndProject
Project("{9A19103F-16F7-4668-BE54-9A1E7A4F7556}") = "OperadoresAritméticos", "OperadoresAritméticos\OperadoresAritméticos.csproj", "{04117ACB-A447-42D7-8240-9C6C95FB3374}"
EndProject
Project("{9A19103F-16F7-4668-BE54-9A1E7A4F7556}") = "InferênciaTipos", "InferênciaTipos\InferênciaTipos.csproj", "{F52415E0-55D0-4D1D-9405-78496A9F7B55}"
EndProject
Project("{9A19103F-16F7-4668-BE54-9A1E7A4F7556}") = "OperadoresAtribuicao", "OperadoresAtribuicao\OperadoresAtribuicao.csproj", "{5EEDB47C-B065-45CD-855A-D09EF6787C10}"
EndProject
Project("{2150E333-8FDC-42A3-9474-1A3956D46DE8}") = "Capitulo1", "Capitulo1", "{7303B0FD-2B89-4F0E-8C41-6C5E75A51D80}"
EndProject
Project("{9A19103F-16F7-4668-BE54-9A1E7A4F7556}") = "Instrucao-If", "Instrucao-If\Instrucao-If.csproj", "{BB82B8B0-05F6-4D42-AEE4-4B493085E280}"
EndProject
Project("{9A19103F-16F7-4668-BE54-9A1E7A4F7556}") = "Instrucao-ifelse", "Instrucao-ifelse\Instrucao-ifelse.csproj", "{46F70171-2A0A-45CE-8C75-1F9FE774F6DC}"
EndProject
Project("{FAE04EC0-301F-11D3-BF4B-00C04F79EFBC}") = "Switch", "Switch\Switch.csproj", "{5D4186DE-6C9E-42A0-B0FC-F9CBBF6772DC}"
EndProject
Project("{FAE04EC0-301F-11D3-BF4B-00C04F79EFBC}") = "Switch2", "Switch2\Switch2.csproj", "{31354B04-352D-4878-8F49-AED7BB228091}"
EndProject
Project("{FAE04EC0-301F-11D3-BF4B-00C04F79EFBC}") = "Switch_aninhado", "Switch_aninhado\Switch_aninhado.csproj", "{78326B0C-95AF-403E-8FF9-06F3598CAF9F}"
EndProject
Global
	GlobalSection(SolutionConfigurationPlatforms) = preSolution
		Debug|Any CPU = Debug|Any CPU
		Release|Any CPU = Release|Any CPU
	EndGlobalSection
	GlobalSection(ProjectConfigurationPlatforms) = postSolution
		{218E3107-F770-4004-8B89-FCB9852FE678}.Debug|Any CPU.ActiveCfg = Debug|Any CPU
		{218E3107-F770-4004-8B89-FCB9852FE678}.Debug|Any CPU.Build.0 = Debug|Any CPU
		{218E3107-F770-4004-8B89-FCB9852FE678}.Release|Any CPU.ActiveCfg = Release|Any CPU
		{218E3107-F770-4004-8B89-FCB9852FE678}.Release|Any CPU.Build.0 = Release|Any CPU
		{CEEE91FB-DDD5-4BF2-BC57-DF6A14EDCC83}.Debug|Any CPU.ActiveCfg = Debug|Any CPU
		{CEEE91FB-DDD5-4BF2-BC57-DF6A14EDCC83}.Debug|Any CPU.Build.0 = Debug|Any CPU
		{CEEE91FB-DDD5-4BF2-BC57-DF6A14EDCC83}.Release|Any CPU.ActiveCfg = Release|Any CPU
		{CEEE91FB-DDD5-4BF2-BC57-DF6A14EDCC83}.Release|Any CPU.Build.0 = Release|Any CPU
		{9EED5673-7088-47FD-BD66-C9C9BBC42A36}.Debug|Any CPU.ActiveCfg = Debug|Any CPU
		{9EED5673-7088-47FD-BD66-C9C9BBC42A36}.Debug|Any CPU.Build.0 = Debug|Any CPU
		{9EED5673-7088-47FD-BD66-C9C9BBC42A36}.Release|Any CPU.ActiveCfg = Release|Any CPU
		{9EED5673-7088-47FD-BD66-C9C9BBC42A36}.Release|Any CPU.Build.0 = Release|Any CPU
		{F9CF67B1-D7F3-4F89-A736-84C190932AC8}.Debug|Any CPU.ActiveCfg = Debug|Any CPU
		{F9CF67B1-D7F3-4F89-A736-84C190932AC8}.Debug|Any CPU.Build.0 = Debug|Any CPU
		{F9CF67B1-D7F3-4F89-A736-84C190932AC8}.Release|Any CPU.ActiveCfg = Release|Any CPU
		{F9CF67B1-D7F3-4F89-A736-84C190932AC8}.Release|Any CPU.Build.0 = Release|Any CPU
		{ACFE420B-6E27-4D0D-8E20-4303F05E360E}.Debug|Any CPU.ActiveCfg = Debug|Any CPU
		{ACFE420B-6E27-4D0D-8E20-4303F05E360E}.Debug|Any CPU.Build.0 = Debug|Any CPU
		{ACFE420B-6E27-4D0D-8E20-4303F05E360E}.Release|Any CPU.ActiveCfg = Release|Any CPU
		{ACFE420B-6E27-4D0D-8E20-4303F05E360E}.Release|Any CPU.Build.0 = Release|Any CPU
		{A1B40E09-EBD0-4AB1-A162-8979EF82BFCC}.Debug|Any CPU.ActiveCfg = Debug|Any CPU
		{A1B40E09-EBD0-4AB1-A162-8979EF82BFCC}.Debug|Any CPU.Build.0 = Debug|Any CPU
		{A1B40E09-EBD0-4AB1-A162-8979EF82BFCC}.Release|Any CPU.ActiveCfg = Release|Any CPU
		{A1B40E09-EBD0-4AB1-A162-8979EF82BFCC}.Release|Any CPU.Build.0 = Release|Any CPU
		{59410508-F93B-463B-BDFA-1A59E74F5D6B}.Debug|Any CPU.ActiveCfg = Debug|Any CPU
		{59410508-F93B-463B-BDFA-1A59E74F5D6B}.Debug|Any CPU.Build.0 = Debug|Any CPU
		{59410508-F93B-463B-BDFA-1A59E74F5D6B}.Release|Any CPU.ActiveCfg = Release|Any CPU
		{59410508-F93B-463B-BDFA-1A59E74F5D6B}.Release|Any CPU.Build.0 = Release|Any CPU
		{80749901-4886-4957-AAFE-4D7C69CBA858}.Debug|Any CPU.ActiveCfg = Debug|Any CPU
		{80749901-4886-4957-AAFE-4D7C69CBA858}.Debug|Any CPU.Build.0 = Debug|Any CPU
		{80749901-4886-4957-AAFE-4D7C69CBA858}.Release|Any CPU.ActiveCfg = Release|Any CPU
		{80749901-4886-4957-AAFE-4D7C69CBA858}.Release|Any CPU.Build.0 = Release|Any CPU
		{0B5A6C6A-AD7F-4C79-B64B-D79A3E89B930}.Debug|Any CPU.ActiveCfg = Debug|Any CPU
		{0B5A6C6A-AD7F-4C79-B64B-D79A3E89B930}.Debug|Any CPU.Build.0 = Debug|Any CPU
		{0B5A6C6A-AD7F-4C79-B64B-D79A3E89B930}.Release|Any CPU.ActiveCfg = Release|Any CPU
		{0B5A6C6A-AD7F-4C79-B64B-D79A3E89B930}.Release|Any CPU.Build.0 = Release|Any CPU
		{39B268C9-1D05-4D00-AA17-3A962A23F067}.Debug|Any CPU.ActiveCfg = Debug|Any CPU
		{39B268C9-1D05-4D00-AA17-3A962A23F067}.Debug|Any CPU.Build.0 = Debug|Any CPU
		{39B268C9-1D05-4D00-AA17-3A962A23F067}.Release|Any CPU.ActiveCfg = Release|Any CPU
		{39B268C9-1D05-4D00-AA17-3A962A23F067}.Release|Any CPU.Build.0 = Release|Any CPU
		{5FF32FF7-F155-4A89-8F38-D35517F4BC48}.Debug|Any CPU.ActiveCfg = Debug|Any CPU
		{5FF32FF7-F155-4A89-8F38-D35517F4BC48}.Debug|Any CPU.Build.0 = Debug|Any CPU
		{5FF32FF7-F155-4A89-8F38-D35517F4BC48}.Release|Any CPU.ActiveCfg = Release|Any CPU
		{5FF32FF7-F155-4A89-8F38-D35517F4BC48}.Release|Any CPU.Build.0 = Release|Any CPU
		{04117ACB-A447-42D7-8240-9C6C95FB3374}.Debug|Any CPU.ActiveCfg = Debug|Any CPU
		{04117ACB-A447-42D7-8240-9C6C95FB3374}.Debug|Any CPU.Build.0 = Debug|Any CPU
		{04117ACB-A447-42D7-8240-9C6C95FB3374}.Release|Any CPU.ActiveCfg = Release|Any CPU
		{04117ACB-A447-42D7-8240-9C6C95FB3374}.Release|Any CPU.Build.0 = Release|Any CPU
		{F52415E0-55D0-4D1D-9405-78496A9F7B55}.Debug|Any CPU.ActiveCfg = Debug|Any CPU
		{F52415E0-55D0-4D1D-9405-78496A9F7B55}.Debug|Any CPU.Build.0 = Debug|Any CPU
		{F52415E0-55D0-4D1D-9405-78496A9F7B55}.Release|Any CPU.ActiveCfg = Release|Any CPU
		{F52415E0-55D0-4D1D-9405-78496A9F7B55}.Release|Any CPU.Build.0 = Release|Any CPU
		{5EEDB47C-B065-45CD-855A-D09EF6787C10}.Debug|Any CPU.ActiveCfg = Debug|Any CPU
		{5EEDB47C-B065-45CD-855A-D09EF6787C10}.Debug|Any CPU.Build.0 = Debug|Any CPU
		{5EEDB47C-B065-45CD-855A-D09EF6787C10}.Release|Any CPU.ActiveCfg = Release|Any CPU
		{5EEDB47C-B065-45CD-855A-D09EF6787C10}.Release|Any CPU.Build.0 = Release|Any CPU
		{BB82B8B0-05F6-4D42-AEE4-4B493085E280}.Debug|Any CPU.ActiveCfg = Debug|Any CPU
		{BB82B8B0-05F6-4D42-AEE4-4B493085E280}.Debug|Any CPU.Build.0 = Debug|Any CPU
		{BB82B8B0-05F6-4D42-AEE4-4B493085E280}.Release|Any CPU.ActiveCfg = Release|Any CPU
		{BB82B8B0-05F6-4D42-AEE4-4B493085E280}.Release|Any CPU.Build.0 = Release|Any CPU
		{46F70171-2A0A-45CE-8C75-1F9FE774F6DC}.Debug|Any CPU.ActiveCfg = Debug|Any CPU
		{46F70171-2A0A-45CE-8C75-1F9FE774F6DC}.Debug|Any CPU.Build.0 = Debug|Any CPU
		{46F70171-2A0A-45CE-8C75-1F9FE774F6DC}.Release|Any CPU.ActiveCfg = Release|Any CPU
		{46F70171-2A0A-45CE-8C75-1F9FE774F6DC}.Release|Any CPU.Build.0 = Release|Any CPU
		{5D4186DE-6C9E-42A0-B0FC-F9CBBF6772DC}.Debug|Any CPU.ActiveCfg = Debug|Any CPU
		{5D4186DE-6C9E-42A0-B0FC-F9CBBF6772DC}.Debug|Any CPU.Build.0 = Debug|Any CPU
		{5D4186DE-6C9E-42A0-B0FC-F9CBBF6772DC}.Release|Any CPU.ActiveCfg = Release|Any CPU
		{5D4186DE-6C9E-42A0-B0FC-F9CBBF6772DC}.Release|Any CPU.Build.0 = Release|Any CPU
		{31354B04-352D-4878-8F49-AED7BB228091}.Debug|Any CPU.ActiveCfg = Debug|Any CPU
		{31354B04-352D-4878-8F49-AED7BB228091}.Debug|Any CPU.Build.0 = Debug|Any CPU
		{31354B04-352D-4878-8F49-AED7BB228091}.Release|Any CPU.ActiveCfg = Release|Any CPU
		{31354B04-352D-4878-8F49-AED7BB228091}.Release|Any CPU.Build.0 = Release|Any CPU
		{78326B0C-95AF-403E-8FF9-06F3598CAF9F}.Debug|Any CPU.ActiveCfg = Debug|Any CPU
		{78326B0C-95AF-403E-8FF9-06F3598CAF9F}.Debug|Any CPU.Build.0 = Debug|Any CPU
		{78326B0C-95AF-403E-8FF9-06F3598CAF9F}.Release|Any CPU.ActiveCfg = Release|Any CPU
		{78326B0C-95AF-403E-8FF9-06F3598CAF9F}.Release|Any CPU.Build.0 = Release|Any CPU
	EndGlobalSection
	GlobalSection(SolutionProperties) = preSolution
		HideSolutionNode = FALSE
	EndGlobalSection
	GlobalSection(NestedProjects) = preSolution
		{218E3107-F770-4004-8B89-FCB9852FE678} = {7303B0FD-2B89-4F0E-8C41-6C5E75A51D80}
		{CEEE91FB-DDD5-4BF2-BC57-DF6A14EDCC83} = {7303B0FD-2B89-4F0E-8C41-6C5E75A51D80}
		{9EED5673-7088-47FD-BD66-C9C9BBC42A36} = {7303B0FD-2B89-4F0E-8C41-6C5E75A51D80}
		{F9CF67B1-D7F3-4F89-A736-84C190932AC8} = {7303B0FD-2B89-4F0E-8C41-6C5E75A51D80}
		{ACFE420B-6E27-4D0D-8E20-4303F05E360E} = {7303B0FD-2B89-4F0E-8C41-6C5E75A51D80}
		{A1B40E09-EBD0-4AB1-A162-8979EF82BFCC} = {7303B0FD-2B89-4F0E-8C41-6C5E75A51D80}
		{59410508-F93B-463B-BDFA-1A59E74F5D6B} = {7303B0FD-2B89-4F0E-8C41-6C5E75A51D80}
		{80749901-4886-4957-AAFE-4D7C69CBA858} = {7303B0FD-2B89-4F0E-8C41-6C5E75A51D80}
		{0B5A6C6A-AD7F-4C79-B64B-D79A3E89B930} = {7303B0FD-2B89-4F0E-8C41-6C5E75A51D80}
		{39B268C9-1D05-4D00-AA17-3A962A23F067} = {7303B0FD-2B89-4F0E-8C41-6C5E75A51D80}
		{5FF32FF7-F155-4A89-8F38-D35517F4BC48} = {7303B0FD-2B89-4F0E-8C41-6C5E75A51D80}
		{04117ACB-A447-42D7-8240-9C6C95FB3374} = {7303B0FD-2B89-4F0E-8C41-6C5E75A51D80}
		{F52415E0-55D0-4D1D-9405-78496A9F7B55} = {7303B0FD-2B89-4F0E-8C41-6C5E75A51D80}
		{5EEDB47C-B065-45CD-855A-D09EF6787C10} = {7303B0FD-2B89-4F0E-8C41-6C5E75A51D80}
	EndGlobalSection
	GlobalSection(ExtensibilityGlobals) = postSolution
		SolutionGuid = {5BA82A55-69B0-490D-A19F-1BB8B97EB112}
	EndGlobalSection
EndGlobal
